Microsoft Visual Studio Solution File, Format Version 12.00
# Visual Studio Version 17
VisualStudioVersion = 17.5.2.0
MinimumVisualStudioVersion = 10.0.40219.1
Project("{FAE04EC0-301F-11D3-BF4B-00C04F79EFBC}") = "Net_Core_MVC", "Net_Core_MVC\Net_Core_MVC.csproj", "{7A28EF2C-39C3-9AC9-BC7C-755A19954177}"
EndProject
Project("{FAE04EC0-301F-11D3-BF4B-00C04F79EFBC}") = "NET_Core_MVC001", "NET_Core_MVC001\NET_Core_MVC001.csproj", "{16715DC2-AE6F-4BF7-569B-A5FAC971F489}"
EndProject
Project("{FAE04EC0-301F-11D3-BF4B-00C04F79EFBC}") = "Prac_003", "Prac_003\Prac_003.csproj", "{52E78EAE-2A6B-8CBE-731F-9998CA2F165F}"
EndProject
Project("{FAE04EC0-301F-11D3-BF4B-00C04F79EFBC}") = "Thirt-Prac-inClass", "Thirt-Prac-inClass\Thirt-Prac-inClass.csproj", "{043BDCBC-2D7C-5232-361B-B112F641B3F3}"
EndProject
Global
	GlobalSection(SolutionConfigurationPlatforms) = preSolution
		Debug|Any CPU = Debug|Any CPU
		Release|Any CPU = Release|Any CPU
	EndGlobalSection
	GlobalSection(ProjectConfigurationPlatforms) = postSolution
		{7A28EF2C-39C3-9AC9-BC7C-755A19954177}.Debug|Any CPU.ActiveCfg = Debug|Any CPU
		{7A28EF2C-39C3-9AC9-BC7C-755A19954177}.Debug|Any CPU.Build.0 = Debug|Any CPU
		{7A28EF2C-39C3-9AC9-BC7C-755A19954177}.Release|Any CPU.ActiveCfg = Release|Any CPU
		{7A28EF2C-39C3-9AC9-BC7C-755A19954177}.Release|Any CPU.Build.0 = Release|Any CPU
		{16715DC2-AE6F-4BF7-569B-A5FAC971F489}.Debug|Any CPU.ActiveCfg = Debug|Any CPU
		{16715DC2-AE6F-4BF7-569B-A5FAC971F489}.Debug|Any CPU.Build.0 = Debug|Any CPU
		{16715DC2-AE6F-4BF7-569B-A5FAC971F489}.Release|Any CPU.ActiveCfg = Release|Any CPU
		{16715DC2-AE6F-4BF7-569B-A5FAC971F489}.Release|Any CPU.Build.0 = Release|Any CPU
		{52E78EAE-2A6B-8CBE-731F-9998CA2F165F}.Debug|Any CPU.ActiveCfg = Debug|Any CPU
		{52E78EAE-2A6B-8CBE-731F-9998CA2F165F}.Debug|Any CPU.Build.0 = Debug|Any CPU
		{52E78EAE-2A6B-8CBE-731F-9998CA2F165F}.Release|Any CPU.ActiveCfg = Release|Any CPU
		{52E78EAE-2A6B-8CBE-731F-9998CA2F165F}.Release|Any CPU.Build.0 = Release|Any CPU
		{043BDCBC-2D7C-5232-361B-B112F641B3F3}.Debug|Any CPU.ActiveCfg = Debug|Any CPU
		{043BDCBC-2D7C-5232-361B-B112F641B3F3}.Debug|Any CPU.Build.0 = Debug|Any CPU
		{043BDCBC-2D7C-5232-361B-B112F641B3F3}.Release|Any CPU.ActiveCfg = Release|Any CPU
		{043BDCBC-2D7C-5232-361B-B112F641B3F3}.Release|Any CPU.Build.0 = Release|Any CPU
	EndGlobalSection
	GlobalSection(SolutionProperties) = preSolution
		HideSolutionNode = FALSE
	EndGlobalSection
	GlobalSection(ExtensibilityGlobals) = postSolution
		SolutionGuid = {2ABEAEAB-5771-4C73-8374-865137075326}
	EndGlobalSection
EndGlobal
