Microsoft Visual Studio Solution File, Format Version 12.00
# Visual Studio Version 17
VisualStudioVersion = 17.5.2.0
MinimumVisualStudioVersion = 10.0.40219.1
Project("{FAE04EC0-301F-11D3-BF4B-00C04F79EFBC}") = "ManagentSchool", "ManagentSchool.csproj", "{0C2C3644-FA84-FD57-96F4-F4096DAED28D}"
EndProject
Global
	GlobalSection(SolutionConfigurationPlatforms) = preSolution
		Debug|Any CPU = Debug|Any CPU
		Release|Any CPU = Release|Any CPU
	EndGlobalSection
	GlobalSection(ProjectConfigurationPlatforms) = postSolution
		{0C2C3644-FA84-FD57-96F4-F4096DAED28D}.Debug|Any CPU.ActiveCfg = Debug|Any CPU
		{0C2C3644-FA84-FD57-96F4-F4096DAED28D}.Debug|Any CPU.Build.0 = Debug|Any CPU
		{0C2C3644-FA84-FD57-96F4-F4096DAED28D}.Release|Any CPU.ActiveCfg = Release|Any CPU
		{0C2C3644-FA84-FD57-96F4-F4096DAED28D}.Release|Any CPU.Build.0 = Release|Any CPU
	EndGlobalSection
	GlobalSection(SolutionProperties) = preSolution
		HideSolutionNode = FALSE
	EndGlobalSection
	GlobalSection(ExtensibilityGlobals) = postSolution
		SolutionGuid = {116DBB9D-683B-4E8E-8938-FF271D89BD11}
	EndGlobalSection
EndGlobal
